
Microsoft Visual Studio Solution File, Format Version 12.00
# Visual Studio Version 17
VisualStudioVersion = 17.11.35303.130
MinimumVisualStudioVersion = 10.0.40219.1
Project("{8BC9CEB8-8B4A-11D0-8D11-00A0C91BC942}") = "DZ 5.3", "DZ 5.3\DZ 5.3.vcxproj", "{BAEBB26F-A7D4-4794-8AFE-2D182BFF5D84}"
EndProject
Global
	GlobalSection(SolutionConfigurationPlatforms) = preSolution
		Debug|x64 = Debug|x64
		Debug|x86 = Debug|x86
		Release|x64 = Release|x64
		Release|x86 = Release|x86
	EndGlobalSection
	GlobalSection(ProjectConfigurationPlatforms) = postSolution
		{BAEBB26F-A7D4-4794-8AFE-2D182BFF5D84}.Debug|x64.ActiveCfg = Debug|x64
		{BAEBB26F-A7D4-4794-8AFE-2D182BFF5D84}.Debug|x64.Build.0 = Debug|x64
		{BAEBB26F-A7D4-4794-8AFE-2D182BFF5D84}.Debug|x86.ActiveCfg = Debug|Win32
		{BAEBB26F-A7D4-4794-8AFE-2D182BFF5D84}.Debug|x86.Build.0 = Debug|Win32
		{BAEBB26F-A7D4-4794-8AFE-2D182BFF5D84}.Release|x64.ActiveCfg = Release|x64
		{BAEBB26F-A7D4-4794-8AFE-2D182BFF5D84}.Release|x64.Build.0 = Release|x64
		{BAEBB26F-A7D4-4794-8AFE-2D182BFF5D84}.Release|x86.ActiveCfg = Release|Win32
		{BAEBB26F-A7D4-4794-8AFE-2D182BFF5D84}.Release|x86.Build.0 = Release|Win32
	EndGlobalSection
	GlobalSection(SolutionProperties) = preSolution
		HideSolutionNode = FALSE
	EndGlobalSection
	GlobalSection(ExtensibilityGlobals) = postSolution
		SolutionGuid = {BFB23022-1C60-4833-B6D8-6861087BF865}
	EndGlobalSection
EndGlobal
